// !$*UTF8*$!
{
	archiveVersion = 1;
	classes = {
	};
	objectVersion = 46;
	objects = {

/* Begin PBXBuildFile section */
		C72703C81AF3F9D00002E3A6 /* Card.swift in Sources */ = {isa = PBXBuildFile; fileRef = C72703C71AF3F9D00002E3A6 /* Card.swift */; };
		C72703CA1AF3FA8A0002E3A6 /* Card.swift in Sources */ = {isa = PBXBuildFile; fileRef = C72703C71AF3F9D00002E3A6 /* Card.swift */; };
		C72703CC1AF3FCBB0002E3A6 /* StyleManager.swift in Sources */ = {isa = PBXBuildFile; fileRef = C72703CB1AF3FCBB0002E3A6 /* StyleManager.swift */; };
		C72703CE1AF3FCC80002E3A6 /* AnimationManager.swift in Sources */ = {isa = PBXBuildFile; fileRef = C72703CD1AF3FCC80002E3A6 /* AnimationManager.swift */; };
		C72703D11AF4005C0002E3A6 /* BaseFinishedView.swift in Sources */ = {isa = PBXBuildFile; fileRef = C72703D01AF4005C0002E3A6 /* BaseFinishedView.swift */; };
		C72703D31AF400710002E3A6 /* BaseFinishedView.xib in Resources */ = {isa = PBXBuildFile; fileRef = C72703D21AF400710002E3A6 /* BaseFinishedView.xib */; };
		C72703D81AF4062B0002E3A6 /* Montserrat-Hairline.otf in Resources */ = {isa = PBXBuildFile; fileRef = C72703D71AF406240002E3A6 /* Montserrat-Hairline.otf */; };
		C734D5E71AF19165000C4D86 /* AppDelegate.swift in Sources */ = {isa = PBXBuildFile; fileRef = C734D5E61AF19165000C4D86 /* AppDelegate.swift */; };
		C734D5E91AF19165000C4D86 /* ViewController.swift in Sources */ = {isa = PBXBuildFile; fileRef = C734D5E81AF19165000C4D86 /* ViewController.swift */; };
		C734D5EC1AF19165000C4D86 /* Main.storyboard in Resources */ = {isa = PBXBuildFile; fileRef = C734D5EA1AF19165000C4D86 /* Main.storyboard */; };
		C734D5EE1AF19165000C4D86 /* Images.xcassets in Resources */ = {isa = PBXBuildFile; fileRef = C734D5ED1AF19165000C4D86 /* Images.xcassets */; };
		C734D5F11AF19165000C4D86 /* LaunchScreen.xib in Resources */ = {isa = PBXBuildFile; fileRef = C734D5EF1AF19165000C4D86 /* LaunchScreen.xib */; };
		C734D5FD1AF19165000C4D86 /* ProductSwipeTests.swift in Sources */ = {isa = PBXBuildFile; fileRef = C734D5FC1AF19165000C4D86 /* ProductSwipeTests.swift */; };
		C768E2611AF5B74600ADB26A /* ControlVC.swift in Sources */ = {isa = PBXBuildFile; fileRef = C768E2601AF5B74600ADB26A /* ControlVC.swift */; };
		C768E2631AF5BE1800ADB26A /* HorizontalCVC.swift in Sources */ = {isa = PBXBuildFile; fileRef = C768E2621AF5BE1800ADB26A /* HorizontalCVC.swift */; };
		C768E2651AF5C41500ADB26A /* CenterCVCells.swift in Sources */ = {isa = PBXBuildFile; fileRef = C768E2641AF5C41500ADB26A /* CenterCVCells.swift */; };
		C768E2681AF5C7B800ADB26A /* HorizontalCVCell.swift in Sources */ = {isa = PBXBuildFile; fileRef = C768E2661AF5C7B800ADB26A /* HorizontalCVCell.swift */; };
		C768E2691AF5C7B800ADB26A /* HorizontalCVCell.xib in Resources */ = {isa = PBXBuildFile; fileRef = C768E2671AF5C7B800ADB26A /* HorizontalCVCell.xib */; };
		C7A496651AF19A5B00310889 /* CardView.swift in Sources */ = {isa = PBXBuildFile; fileRef = C7A496641AF19A5B00310889 /* CardView.swift */; };
		C7A496671AF19A6B00310889 /* CardView.xib in Resources */ = {isa = PBXBuildFile; fileRef = C7A496661AF19A6B00310889 /* CardView.xib */; };
		C7A617AB1AF7EE3B004478A5 /* UpcomingDealCard.swift in Sources */ = {isa = PBXBuildFile; fileRef = C7A617AA1AF7EE3B004478A5 /* UpcomingDealCard.swift */; };
		C7E2374B1AF1DD9700DC80B8 /* Montserrat-Light.otf in Resources */ = {isa = PBXBuildFile; fileRef = C7E237491AF1DD9700DC80B8 /* Montserrat-Light.otf */; };
		C7E2374C1AF1DD9700DC80B8 /* Montserrat-Regular.otf in Resources */ = {isa = PBXBuildFile; fileRef = C7E2374A1AF1DD9700DC80B8 /* Montserrat-Regular.otf */; };
		C7F8F2501AF2B04300CD1309 /* PushNoAnimationSegue.swift in Sources */ = {isa = PBXBuildFile; fileRef = C7F8F24F1AF2B04300CD1309 /* PushNoAnimationSegue.swift */; };
		C7FAEAFA1C99ACAC00F32187 /* Bumper.swift in Sources */ = {isa = PBXBuildFile; fileRef = C7FAEAF91C99ACAC00F32187 /* Bumper.swift */; };
		C7FAEAFC1C99AD3400F32187 /* User.swift in Sources */ = {isa = PBXBuildFile; fileRef = C7FAEAFB1C99AD3400F32187 /* User.swift */; };
		C7FAEAFE1C99AF4400F32187 /* blogs.json in Resources */ = {isa = PBXBuildFile; fileRef = C7FAEAFD1C99AF4400F32187 /* blogs.json */; };
		FE04D3ACE934C165E4917481 /* libPods.a in Frameworks */ = {isa = PBXBuildFile; fileRef = 974CF9ECDDB070E99448BC10 /* libPods.a */; };
/* End PBXBuildFile section */

/* Begin PBXContainerItemProxy section */
		C734D5F71AF19165000C4D86 /* PBXContainerItemProxy */ = {
			isa = PBXContainerItemProxy;
			containerPortal = C734D5D91AF19164000C4D86 /* Project object */;
			proxyType = 1;
			remoteGlobalIDString = C734D5E01AF19164000C4D86;
			remoteInfo = ProductSwipe;
		};
/* End PBXContainerItemProxy section */

/* Begin PBXFileReference section */
		483E0315B8A12C2CDCC6DE1F /* Pods.debug.xcconfig */ = {isa = PBXFileReference; includeInIndex = 1; lastKnownFileType = text.xcconfig; name = Pods.debug.xcconfig; path = "Pods/Target Support Files/Pods/Pods.debug.xcconfig"; sourceTree = "<group>"; };
		974CF9ECDDB070E99448BC10 /* libPods.a */ = {isa = PBXFileReference; explicitFileType = archive.ar; includeInIndex = 0; path = libPods.a; sourceTree = BUILT_PRODUCTS_DIR; };
		C72703C71AF3F9D00002E3A6 /* Card.swift */ = {isa = PBXFileReference; fileEncoding = 4; lastKnownFileType = sourcecode.swift; path = Card.swift; sourceTree = "<group>"; };
		C72703CB1AF3FCBB0002E3A6 /* StyleManager.swift */ = {isa = PBXFileReference; fileEncoding = 4; lastKnownFileType = sourcecode.swift; path = StyleManager.swift; sourceTree = "<group>"; };
		C72703CD1AF3FCC80002E3A6 /* AnimationManager.swift */ = {isa = PBXFileReference; fileEncoding = 4; lastKnownFileType = sourcecode.swift; path = AnimationManager.swift; sourceTree = "<group>"; };
		C72703D01AF4005C0002E3A6 /* BaseFinishedView.swift */ = {isa = PBXFileReference; fileEncoding = 4; lastKnownFileType = sourcecode.swift; path = BaseFinishedView.swift; sourceTree = "<group>"; };
		C72703D21AF400710002E3A6 /* BaseFinishedView.xib */ = {isa = PBXFileReference; fileEncoding = 4; lastKnownFileType = file.xib; path = BaseFinishedView.xib; sourceTree = "<group>"; };
		C72703D71AF406240002E3A6 /* Montserrat-Hairline.otf */ = {isa = PBXFileReference; lastKnownFileType = file; path = "Montserrat-Hairline.otf"; sourceTree = "<group>"; };
		C734D5E11AF19164000C4D86 /* ProductSwipe.app */ = {isa = PBXFileReference; explicitFileType = wrapper.application; includeInIndex = 0; path = ProductSwipe.app; sourceTree = BUILT_PRODUCTS_DIR; };
		C734D5E51AF19165000C4D86 /* Info.plist */ = {isa = PBXFileReference; lastKnownFileType = text.plist.xml; path = Info.plist; sourceTree = "<group>"; };
		C734D5E61AF19165000C4D86 /* AppDelegate.swift */ = {isa = PBXFileReference; lastKnownFileType = sourcecode.swift; path = AppDelegate.swift; sourceTree = "<group>"; };
		C734D5E81AF19165000C4D86 /* ViewController.swift */ = {isa = PBXFileReference; lastKnownFileType = sourcecode.swift; path = ViewController.swift; sourceTree = "<group>"; };
		C734D5EB1AF19165000C4D86 /* Base */ = {isa = PBXFileReference; lastKnownFileType = file.storyboard; name = Base; path = Base.lproj/Main.storyboard; sourceTree = "<group>"; };
		C734D5ED1AF19165000C4D86 /* Images.xcassets */ = {isa = PBXFileReference; lastKnownFileType = folder.assetcatalog; path = Images.xcassets; sourceTree = "<group>"; };
		C734D5F01AF19165000C4D86 /* Base */ = {isa = PBXFileReference; lastKnownFileType = file.xib; name = Base; path = Base.lproj/LaunchScreen.xib; sourceTree = "<group>"; };
		C734D5F61AF19165000C4D86 /* ProductSwipeTests.xctest */ = {isa = PBXFileReference; explicitFileType = wrapper.cfbundle; includeInIndex = 0; path = ProductSwipeTests.xctest; sourceTree = BUILT_PRODUCTS_DIR; };
		C734D5FB1AF19165000C4D86 /* Info.plist */ = {isa = PBXFileReference; lastKnownFileType = text.plist.xml; path = Info.plist; sourceTree = "<group>"; };
		C734D5FC1AF19165000C4D86 /* ProductSwipeTests.swift */ = {isa = PBXFileReference; lastKnownFileType = sourcecode.swift; path = ProductSwipeTests.swift; sourceTree = "<group>"; };
		C734D6121AF19250000C4D86 /* ProductSwipe-Bridging-Header.h */ = {isa = PBXFileReference; lastKnownFileType = sourcecode.c.h; path = "ProductSwipe-Bridging-Header.h"; sourceTree = "<group>"; };
		C768E2601AF5B74600ADB26A /* ControlVC.swift */ = {isa = PBXFileReference; fileEncoding = 4; lastKnownFileType = sourcecode.swift; path = ControlVC.swift; sourceTree = "<group>"; };
		C768E2621AF5BE1800ADB26A /* HorizontalCVC.swift */ = {isa = PBXFileReference; fileEncoding = 4; lastKnownFileType = sourcecode.swift; path = HorizontalCVC.swift; sourceTree = "<group>"; };
		C768E2641AF5C41500ADB26A /* CenterCVCells.swift */ = {isa = PBXFileReference; fileEncoding = 4; lastKnownFileType = sourcecode.swift; path = CenterCVCells.swift; sourceTree = "<group>"; };
		C768E2661AF5C7B800ADB26A /* HorizontalCVCell.swift */ = {isa = PBXFileReference; fileEncoding = 4; lastKnownFileType = sourcecode.swift; path = HorizontalCVCell.swift; sourceTree = "<group>"; };
		C768E2671AF5C7B800ADB26A /* HorizontalCVCell.xib */ = {isa = PBXFileReference; fileEncoding = 4; lastKnownFileType = file.xib; path = HorizontalCVCell.xib; sourceTree = "<group>"; };
		C7A496641AF19A5B00310889 /* CardView.swift */ = {isa = PBXFileReference; fileEncoding = 4; lastKnownFileType = sourcecode.swift; path = CardView.swift; sourceTree = "<group>"; };
		C7A496661AF19A6B00310889 /* CardView.xib */ = {isa = PBXFileReference; fileEncoding = 4; lastKnownFileType = file.xib; path = CardView.xib; sourceTree = "<group>"; };
		C7A617AA1AF7EE3B004478A5 /* UpcomingDealCard.swift */ = {isa = PBXFileReference; fileEncoding = 4; lastKnownFileType = sourcecode.swift; path = UpcomingDealCard.swift; sourceTree = "<group>"; };
		C7E237491AF1DD9700DC80B8 /* Montserrat-Light.otf */ = {isa = PBXFileReference; lastKnownFileType = file; path = "Montserrat-Light.otf"; sourceTree = "<group>"; };
		C7E2374A1AF1DD9700DC80B8 /* Montserrat-Regular.otf */ = {isa = PBXFileReference; lastKnownFileType = file; path = "Montserrat-Regular.otf"; sourceTree = "<group>"; };
		C7F8F24F1AF2B04300CD1309 /* PushNoAnimationSegue.swift */ = {isa = PBXFileReference; fileEncoding = 4; lastKnownFileType = sourcecode.swift; path = PushNoAnimationSegue.swift; sourceTree = "<group>"; };
		C7FAEAF91C99ACAC00F32187 /* Bumper.swift */ = {isa = PBXFileReference; fileEncoding = 4; lastKnownFileType = sourcecode.swift; path = Bumper.swift; sourceTree = "<group>"; };
		C7FAEAFB1C99AD3400F32187 /* User.swift */ = {isa = PBXFileReference; fileEncoding = 4; lastKnownFileType = sourcecode.swift; path = User.swift; sourceTree = "<group>"; };
		C7FAEAFD1C99AF4400F32187 /* blogs.json */ = {isa = PBXFileReference; fileEncoding = 4; lastKnownFileType = text.json; path = blogs.json; sourceTree = "<group>"; };
		FFB5604DF853088EC2637DEB /* Pods.release.xcconfig */ = {isa = PBXFileReference; includeInIndex = 1; lastKnownFileType = text.xcconfig; name = Pods.release.xcconfig; path = "Pods/Target Support Files/Pods/Pods.release.xcconfig"; sourceTree = "<group>"; };
/* End PBXFileReference section */

/* Begin PBXFrameworksBuildPhase section */
		C734D5DE1AF19164000C4D86 /* Frameworks */ = {
			isa = PBXFrameworksBuildPhase;
			buildActionMask = 2147483647;
			files = (
				FE04D3ACE934C165E4917481 /* libPods.a in Frameworks */,
			);
			runOnlyForDeploymentPostprocessing = 0;
		};
		C734D5F31AF19165000C4D86 /* Frameworks */ = {
			isa = PBXFrameworksBuildPhase;
			buildActionMask = 2147483647;
			files = (
			);
			runOnlyForDeploymentPostprocessing = 0;
		};
/* End PBXFrameworksBuildPhase section */

/* Begin PBXGroup section */
		30746BA227CDCA418951602E /* Pods */ = {
			isa = PBXGroup;
			children = (
				483E0315B8A12C2CDCC6DE1F /* Pods.debug.xcconfig */,
				FFB5604DF853088EC2637DEB /* Pods.release.xcconfig */,
			);
			name = Pods;
			sourceTree = "<group>";
		};
		A52950726991E6A4A826F438 /* Frameworks */ = {
			isa = PBXGroup;
			children = (
				974CF9ECDDB070E99448BC10 /* libPods.a */,
			);
			name = Frameworks;
			sourceTree = "<group>";
		};
		C72703C91AF3F9D60002E3A6 /* Models */ = {
			isa = PBXGroup;
			children = (
				C72703C71AF3F9D00002E3A6 /* Card.swift */,
				C7A617AA1AF7EE3B004478A5 /* UpcomingDealCard.swift */,
				C7FAEAF91C99ACAC00F32187 /* Bumper.swift */,
				C7FAEAFB1C99AD3400F32187 /* User.swift */,
			);
			name = Models;
			sourceTree = "<group>";
		};
		C72703CF1AF3FCCC0002E3A6 /* Managers */ = {
			isa = PBXGroup;
			children = (
				C7F8F24F1AF2B04300CD1309 /* PushNoAnimationSegue.swift */,
				C72703CB1AF3FCBB0002E3A6 /* StyleManager.swift */,
				C72703CD1AF3FCC80002E3A6 /* AnimationManager.swift */,
			);
			name = Managers;
			sourceTree = "<group>";
		};
		C72703D41AF400750002E3A6 /* BaseFinished */ = {
			isa = PBXGroup;
			children = (
				C72703D01AF4005C0002E3A6 /* BaseFinishedView.swift */,
				C72703D21AF400710002E3A6 /* BaseFinishedView.xib */,
			);
			name = BaseFinished;
			sourceTree = "<group>";
		};
		C72703D51AF4007D0002E3A6 /* Card */ = {
			isa = PBXGroup;
			children = (
				C7A496641AF19A5B00310889 /* CardView.swift */,
				C7A496661AF19A6B00310889 /* CardView.xib */,
			);
			name = Card;
			sourceTree = "<group>";
		};
		C734D5D81AF19164000C4D86 = {
			isa = PBXGroup;
			children = (
				C734D5E31AF19164000C4D86 /* ProductSwipe */,
				C734D5F91AF19165000C4D86 /* ProductSwipeTests */,
				C734D5E21AF19164000C4D86 /* Products */,
				30746BA227CDCA418951602E /* Pods */,
				A52950726991E6A4A826F438 /* Frameworks */,
			);
			sourceTree = "<group>";
		};
		C734D5E21AF19164000C4D86 /* Products */ = {
			isa = PBXGroup;
			children = (
				C734D5E11AF19164000C4D86 /* ProductSwipe.app */,
				C734D5F61AF19165000C4D86 /* ProductSwipeTests.xctest */,
			);
			name = Products;
			sourceTree = "<group>";
		};
		C734D5E31AF19164000C4D86 /* ProductSwipe */ = {
			isa = PBXGroup;
			children = (
				C734D5E61AF19165000C4D86 /* AppDelegate.swift */,
				C734D5E81AF19165000C4D86 /* ViewController.swift */,
				C72703D41AF400750002E3A6 /* BaseFinished */,
				C72703D51AF4007D0002E3A6 /* Card */,
				C734D5EA1AF19165000C4D86 /* Main.storyboard */,
				C768E26A1AF5C7BE00ADB26A /* ControlVC */,
				C734D5ED1AF19165000C4D86 /* Images.xcassets */,
				C734D5EF1AF19165000C4D86 /* LaunchScreen.xib */,
				C734D6121AF19250000C4D86 /* ProductSwipe-Bridging-Header.h */,
				C72703CF1AF3FCCC0002E3A6 /* Managers */,
				C72703C91AF3F9D60002E3A6 /* Models */,
				C7E237481AF1DD8300DC80B8 /* Resources */,
				C734D5E41AF19164000C4D86 /* Supporting Files */,
			);
			path = ProductSwipe;
			sourceTree = "<group>";
		};
		C734D5E41AF19164000C4D86 /* Supporting Files */ = {
			isa = PBXGroup;
			children = (
				C734D5E51AF19165000C4D86 /* Info.plist */,
			);
			name = "Supporting Files";
			sourceTree = "<group>";
		};
		C734D5F91AF19165000C4D86 /* ProductSwipeTests */ = {
			isa = PBXGroup;
			children = (
				C734D5FC1AF19165000C4D86 /* ProductSwipeTests.swift */,
				C734D5FA1AF19165000C4D86 /* Supporting Files */,
			);
			path = ProductSwipeTests;
			sourceTree = "<group>";
		};
		C734D5FA1AF19165000C4D86 /* Supporting Files */ = {
			isa = PBXGroup;
			children = (
				C734D5FB1AF19165000C4D86 /* Info.plist */,
			);
			name = "Supporting Files";
			sourceTree = "<group>";
		};
		C768E26A1AF5C7BE00ADB26A /* ControlVC */ = {
			isa = PBXGroup;
			children = (
				C768E2601AF5B74600ADB26A /* ControlVC.swift */,
				C768E2621AF5BE1800ADB26A /* HorizontalCVC.swift */,
				C768E2661AF5C7B800ADB26A /* HorizontalCVCell.swift */,
				C768E2671AF5C7B800ADB26A /* HorizontalCVCell.xib */,
				C768E2641AF5C41500ADB26A /* CenterCVCells.swift */,
			);
			name = ControlVC;
			sourceTree = "<group>";
		};
		C7E237481AF1DD8300DC80B8 /* Resources */ = {
			isa = PBXGroup;
			children = (
				C7FAEAFD1C99AF4400F32187 /* blogs.json */,
				C72703D71AF406240002E3A6 /* Montserrat-Hairline.otf */,
				C7E237491AF1DD9700DC80B8 /* Montserrat-Light.otf */,
				C7E2374A1AF1DD9700DC80B8 /* Montserrat-Regular.otf */,
			);
			name = Resources;
			path = ProductSwipeTests;
			sourceTree = SOURCE_ROOT;
		};
/* End PBXGroup section */

/* Begin PBXNativeTarget section */
		C734D5E01AF19164000C4D86 /* ProductSwipe */ = {
			isa = PBXNativeTarget;
			buildConfigurationList = C734D6001AF19165000C4D86 /* Build configuration list for PBXNativeTarget "ProductSwipe" */;
			buildPhases = (
				8BE52BAE858ED8BD6ACDE8DD /* Check Pods Manifest.lock */,
				C734D5DD1AF19164000C4D86 /* Sources */,
				C734D5DE1AF19164000C4D86 /* Frameworks */,
				C734D5DF1AF19164000C4D86 /* Resources */,
				AF6CBBBE10127C77DEC6E6D6 /* Copy Pods Resources */,
			);
			buildRules = (
			);
			dependencies = (
			);
			name = ProductSwipe;
			productName = ProductSwipe;
			productReference = C734D5E11AF19164000C4D86 /* ProductSwipe.app */;
			productType = "com.apple.product-type.application";
		};
		C734D5F51AF19165000C4D86 /* ProductSwipeTests */ = {
			isa = PBXNativeTarget;
			buildConfigurationList = C734D6031AF19165000C4D86 /* Build configuration list for PBXNativeTarget "ProductSwipeTests" */;
			buildPhases = (
				C734D5F21AF19165000C4D86 /* Sources */,
				C734D5F31AF19165000C4D86 /* Frameworks */,
				C734D5F41AF19165000C4D86 /* Resources */,
			);
			buildRules = (
			);
			dependencies = (
				C734D5F81AF19165000C4D86 /* PBXTargetDependency */,
			);
			name = ProductSwipeTests;
			productName = ProductSwipeTests;
			productReference = C734D5F61AF19165000C4D86 /* ProductSwipeTests.xctest */;
			productType = "com.apple.product-type.bundle.unit-test";
		};
/* End PBXNativeTarget section */

/* Begin PBXProject section */
		C734D5D91AF19164000C4D86 /* Project object */ = {
			isa = PBXProject;
			attributes = {
				LastSwiftMigration = 0720;
				LastSwiftUpdateCheck = 0720;
				LastUpgradeCheck = 0720;
				ORGANIZATIONNAME = Saul;
				TargetAttributes = {
					C734D5E01AF19164000C4D86 = {
						CreatedOnToolsVersion = 6.3.1;
					};
					C734D5F51AF19165000C4D86 = {
						CreatedOnToolsVersion = 6.3.1;
						TestTargetID = C734D5E01AF19164000C4D86;
					};
				};
			};
			buildConfigurationList = C734D5DC1AF19164000C4D86 /* Build configuration list for PBXProject "ProductSwipe" */;
			compatibilityVersion = "Xcode 3.2";
			developmentRegion = English;
			hasScannedForEncodings = 0;
			knownRegions = (
				en,
				Base,
			);
			mainGroup = C734D5D81AF19164000C4D86;
			productRefGroup = C734D5E21AF19164000C4D86 /* Products */;
			projectDirPath = "";
			projectRoot = "";
			targets = (
				C734D5E01AF19164000C4D86 /* ProductSwipe */,
				C734D5F51AF19165000C4D86 /* ProductSwipeTests */,
			);
		};
/* End PBXProject section */

/* Begin PBXResourcesBuildPhase section */
		C734D5DF1AF19164000C4D86 /* Resources */ = {
			isa = PBXResourcesBuildPhase;
			buildActionMask = 2147483647;
			files = (
				C7E2374B1AF1DD9700DC80B8 /* Montserrat-Light.otf in Resources */,
				C734D5EC1AF19165000C4D86 /* Main.storyboard in Resources */,
				C734D5F11AF19165000C4D86 /* LaunchScreen.xib in Resources */,
				C768E2691AF5C7B800ADB26A /* HorizontalCVCell.xib in Resources */,
				C7A496671AF19A6B00310889 /* CardView.xib in Resources */,
				C72703D31AF400710002E3A6 /* BaseFinishedView.xib in Resources */,
				C734D5EE1AF19165000C4D86 /* Images.xcassets in Resources */,
				C72703D81AF4062B0002E3A6 /* Montserrat-Hairline.otf in Resources */,
				C7E2374C1AF1DD9700DC80B8 /* Montserrat-Regular.otf in Resources */,
				C7FAEAFE1C99AF4400F32187 /* blogs.json in Resources */,
			);
			runOnlyForDeploymentPostprocessing = 0;
		};
		C734D5F41AF19165000C4D86 /* Resources */ = {
			isa = PBXResourcesBuildPhase;
			buildActionMask = 2147483647;
			files = (
			);
			runOnlyForDeploymentPostprocessing = 0;
		};
/* End PBXResourcesBuildPhase section */

/* Begin PBXShellScriptBuildPhase section */
		8BE52BAE858ED8BD6ACDE8DD /* Check Pods Manifest.lock */ = {
			isa = PBXShellScriptBuildPhase;
			buildActionMask = 2147483647;
			files = (
			);
			inputPaths = (
			);
			name = "Check Pods Manifest.lock";
			outputPaths = (
			);
			runOnlyForDeploymentPostprocessing = 0;
			shellPath = /bin/sh;
			shellScript = "diff \"${PODS_ROOT}/../Podfile.lock\" \"${PODS_ROOT}/Manifest.lock\" > /dev/null\nif [[ $? != 0 ]] ; then\n    cat << EOM\nerror: The sandbox is not in sync with the Podfile.lock. Run 'pod install' or update your CocoaPods installation.\nEOM\n    exit 1\nfi\n";
			showEnvVarsInLog = 0;
		};
		AF6CBBBE10127C77DEC6E6D6 /* Copy Pods Resources */ = {
			isa = PBXShellScriptBuildPhase;
			buildActionMask = 2147483647;
			files = (
			);
			inputPaths = (
			);
			name = "Copy Pods Resources";
			outputPaths = (
			);
			runOnlyForDeploymentPostprocessing = 0;
			shellPath = /bin/sh;
			shellScript = "\"${SRCROOT}/Pods/Target Support Files/Pods/Pods-resources.sh\"\n";
			showEnvVarsInLog = 0;
		};
/* End PBXShellScriptBuildPhase section */

/* Begin PBXSourcesBuildPhase section */
		C734D5DD1AF19164000C4D86 /* Sources */ = {
			isa = PBXSourcesBuildPhase;
			buildActionMask = 2147483647;
			files = (
				C72703D11AF4005C0002E3A6 /* BaseFinishedView.swift in Sources */,
				C72703CE1AF3FCC80002E3A6 /* AnimationManager.swift in Sources */,
				C768E2651AF5C41500ADB26A /* CenterCVCells.swift in Sources */,
				C768E2681AF5C7B800ADB26A /* HorizontalCVCell.swift in Sources */,
				C7FAEAFA1C99ACAC00F32187 /* Bumper.swift in Sources */,
				C734D5E91AF19165000C4D86 /* ViewController.swift in Sources */,
				C7F8F2501AF2B04300CD1309 /* PushNoAnimationSegue.swift in Sources */,
				C768E2611AF5B74600ADB26A /* ControlVC.swift in Sources */,
				C7FAEAFC1C99AD3400F32187 /* User.swift in Sources */,
				C734D5E71AF19165000C4D86 /* AppDelegate.swift in Sources */,
				C768E2631AF5BE1800ADB26A /* HorizontalCVC.swift in Sources */,
				C72703C81AF3F9D00002E3A6 /* Card.swift in Sources */,
				C72703CC1AF3FCBB0002E3A6 /* StyleManager.swift in Sources */,
				C7A617AB1AF7EE3B004478A5 /* UpcomingDealCard.swift in Sources */,
				C7A496651AF19A5B00310889 /* CardView.swift in Sources */,
			);
			runOnlyForDeploymentPostprocessing = 0;
		};
		C734D5F21AF19165000C4D86 /* Sources */ = {
			isa = PBXSourcesBuildPhase;
			buildActionMask = 2147483647;
			files = (
				C734D5FD1AF19165000C4D86 /* ProductSwipeTests.swift in Sources */,
				C72703CA1AF3FA8A0002E3A6 /* Card.swift in Sources */,
			);
			runOnlyForDeploymentPostprocessing = 0;
		};
/* End PBXSourcesBuildPhase section */

/* Begin PBXTargetDependency section */
		C734D5F81AF19165000C4D86 /* PBXTargetDependency */ = {
			isa = PBXTargetDependency;
			target = C734D5E01AF19164000C4D86 /* ProductSwipe */;
			targetProxy = C734D5F71AF19165000C4D86 /* PBXContainerItemProxy */;
		};
/* End PBXTargetDependency section */

/* Begin PBXVariantGroup section */
		C734D5EA1AF19165000C4D86 /* Main.storyboard */ = {
			isa = PBXVariantGroup;
			children = (
				C734D5EB1AF19165000C4D86 /* Base */,
			);
			name = Main.storyboard;
			sourceTree = "<group>";
		};
		C734D5EF1AF19165000C4D86 /* LaunchScreen.xib */ = {
			isa = PBXVariantGroup;
			children = (
				C734D5F01AF19165000C4D86 /* Base */,
			);
			name = LaunchScreen.xib;
			sourceTree = "<group>";
		};
/* End PBXVariantGroup section */

/* Begin XCBuildConfiguration section */
		C734D5FE1AF19165000C4D86 /* Debug */ = {
			isa = XCBuildConfiguration;
			buildSettings = {
				ALWAYS_SEARCH_USER_PATHS = NO;
				CLANG_CXX_LANGUAGE_STANDARD = "gnu++0x";
				CLANG_CXX_LIBRARY = "libc++";
				CLANG_ENABLE_MODULES = YES;
				CLANG_ENABLE_OBJC_ARC = YES;
				CLANG_WARN_BOOL_CONVERSION = YES;
				CLANG_WARN_CONSTANT_CONVERSION = YES;
				CLANG_WARN_DIRECT_OBJC_ISA_USAGE = YES_ERROR;
				CLANG_WARN_EMPTY_BODY = YES;
				CLANG_WARN_ENUM_CONVERSION = YES;
				CLANG_WARN_INT_CONVERSION = YES;
				CLANG_WARN_OBJC_ROOT_CLASS = YES_ERROR;
				CLANG_WARN_UNREACHABLE_CODE = YES;
				CLANG_WARN__DUPLICATE_METHOD_MATCH = YES;
				"CODE_SIGN_IDENTITY[sdk=iphoneos*]" = "iPhone Developer";
				COPY_PHASE_STRIP = NO;
				DEBUG_INFORMATION_FORMAT = "dwarf-with-dsym";
				ENABLE_STRICT_OBJC_MSGSEND = YES;
				ENABLE_TESTABILITY = YES;
				GCC_C_LANGUAGE_STANDARD = gnu99;
				GCC_DYNAMIC_NO_PIC = NO;
				GCC_NO_COMMON_BLOCKS = YES;
				GCC_OPTIMIZATION_LEVEL = 0;
				GCC_PREPROCESSOR_DEFINITIONS = (
					"DEBUG=1",
					"$(inherited)",
				);
				GCC_SYMBOLS_PRIVATE_EXTERN = NO;
				GCC_WARN_64_TO_32_BIT_CONVERSION = YES;
				GCC_WARN_ABOUT_RETURN_TYPE = YES_ERROR;
				GCC_WARN_UNDECLARED_SELECTOR = YES;
				GCC_WARN_UNINITIALIZED_AUTOS = YES_AGGRESSIVE;
				GCC_WARN_UNUSED_FUNCTION = YES;
				GCC_WARN_UNUSED_VARIABLE = YES;
				IPHONEOS_DEPLOYMENT_TARGET = 8.3;
				MTL_ENABLE_DEBUG_INFO = YES;
				ONLY_ACTIVE_ARCH = YES;
				SDKROOT = iphoneos;
				SWIFT_OBJC_BRIDGING_HEADER = "ProductSwipe/ProductSwipe-Bridging-Header.h";
				SWIFT_OPTIMIZATION_LEVEL = "-Onone";
				TARGETED_DEVICE_FAMILY = "1,2";
			};
			name = Debug;
		};
		C734D5FF1AF19165000C4D86 /* Release */ = {
			isa = XCBuildConfiguration;
			buildSettings = {
				ALWAYS_SEARCH_USER_PATHS = NO;
				CLANG_CXX_LANGUAGE_STANDARD = "gnu++0x";
				CLANG_CXX_LIBRARY = "libc++";
				CLANG_ENABLE_MODULES = YES;
				CLANG_ENABLE_OBJC_ARC = YES;
				CLANG_WARN_BOOL_CONVERSION = YES;
				CLANG_WARN_CONSTANT_CONVERSION = YES;
				CLANG_WARN_DIRECT_OBJC_ISA_USAGE = YES_ERROR;
				CLANG_WARN_EMPTY_BODY = YES;
				CLANG_WARN_ENUM_CONVERSION = YES;
				CLANG_WARN_INT_CONVERSION = YES;
				CLANG_WARN_OBJC_ROOT_CLASS = YES_ERROR;
				CLANG_WARN_UNREACHABLE_CODE = YES;
				CLANG_WARN__DUPLICATE_METHOD_MATCH = YES;
				"CODE_SIGN_IDENTITY[sdk=iphoneos*]" = "iPhone Developer";
				COPY_PHASE_STRIP = NO;
				DEBUG_INFORMATION_FORMAT = "dwarf-with-dsym";
				ENABLE_NS_ASSERTIONS = NO;
				ENABLE_STRICT_OBJC_MSGSEND = YES;
				GCC_C_LANGUAGE_STANDARD = gnu99;
				GCC_NO_COMMON_BLOCKS = YES;
				GCC_WARN_64_TO_32_BIT_CONVERSION = YES;
				GCC_WARN_ABOUT_RETURN_TYPE = YES_ERROR;
				GCC_WARN_UNDECLARED_SELECTOR = YES;
				GCC_WARN_UNINITIALIZED_AUTOS = YES_AGGRESSIVE;
				GCC_WARN_UNUSED_FUNCTION = YES;
				GCC_WARN_UNUSED_VARIABLE = YES;
				IPHONEOS_DEPLOYMENT_TARGET = 8.3;
				MTL_ENABLE_DEBUG_INFO = NO;
				SDKROOT = iphoneos;
				"SWIFT_OBJC_BRIDGING_HEADER[arch=*]" = "";
				TARGETED_DEVICE_FAMILY = "1,2";
				VALIDATE_PRODUCT = YES;
			};
			name = Release;
		};
		C734D6011AF19165000C4D86 /* Debug */ = {
			isa = XCBuildConfiguration;
			baseConfigurationReference = 483E0315B8A12C2CDCC6DE1F /* Pods.debug.xcconfig */;
			buildSettings = {
				ASSETCATALOG_COMPILER_APPICON_NAME = AppIcon;
				INFOPLIST_FILE = ProductSwipe/Info.plist;
				LD_RUNPATH_SEARCH_PATHS = "$(inherited) @executable_path/Frameworks";
				PRODUCT_BUNDLE_IDENTIFIER = "checkit.$(PRODUCT_NAME:rfc1034identifier)";
				PRODUCT_NAME = "$(TARGET_NAME)";
			};
			name = Debug;
		};
		C734D6021AF19165000C4D86 /* Release */ = {
			isa = XCBuildConfiguration;
			baseConfigurationReference = FFB5604DF853088EC2637DEB /* Pods.release.xcconfig */;
			buildSettings = {
				ASSETCATALOG_COMPILER_APPICON_NAME = AppIcon;
				INFOPLIST_FILE = ProductSwipe/Info.plist;
				LD_RUNPATH_SEARCH_PATHS = "$(inherited) @executable_path/Frameworks";
				PRODUCT_BUNDLE_IDENTIFIER = "checkit.$(PRODUCT_NAME:rfc1034identifier)";
				PRODUCT_NAME = "$(TARGET_NAME)";
			};
			name = Release;
		};
		C734D6041AF19165000C4D86 /* Debug */ = {
			isa = XCBuildConfiguration;
			baseConfigurationReference = 483E0315B8A12C2CDCC6DE1F /* Pods.debug.xcconfig */;
			buildSettings = {
				BUNDLE_LOADER = "$(TEST_HOST)";
				FRAMEWORK_SEARCH_PATHS = (
					"$(SDKROOT)/Developer/Library/Frameworks",
					"$(inherited)",
				);
				GCC_PREPROCESSOR_DEFINITIONS = (
					"DEBUG=1",
					"$(inherited)",
				);
				INFOPLIST_FILE = ProductSwipeTests/Info.plist;
				LD_RUNPATH_SEARCH_PATHS = "$(inherited) @executable_path/Frameworks @loader_path/Frameworks";
				PRODUCT_BUNDLE_IDENTIFIER = "checkit.$(PRODUCT_NAME:rfc1034identifier)";
				PRODUCT_NAME = "$(TARGET_NAME)";
				TEST_HOST = "$(BUILT_PRODUCTS_DIR)/ProductSwipe.app/ProductSwipe";
			};
			name = Debug;
		};
		C734D6051AF19165000C4D86 /* Release */ = {
			isa = XCBuildConfiguration;
			baseConfigurationReference = FFB5604DF853088EC2637DEB /* Pods.release.xcconfig */;
			buildSettings = {
				BUNDLE_LOADER = "$(TEST_HOST)";
				FRAMEWORK_SEARCH_PATHS = (
					"$(SDKROOT)/Developer/Library/Frameworks",
					"$(inherited)",
				);
				INFOPLIST_FILE = ProductSwipeTests/Info.plist;
				LD_RUNPATH_SEARCH_PATHS = "$(inherited) @executable_path/Frameworks @loader_path/Frameworks";
				PRODUCT_BUNDLE_IDENTIFIER = "checkit.$(PRODUCT_NAME:rfc1034identifier)";
				PRODUCT_NAME = "$(TARGET_NAME)";
				TEST_HOST = "$(BUILT_PRODUCTS_DIR)/ProductSwipe.app/ProductSwipe";
			};
			name = Release;
		};
/* End XCBuildConfiguration section */

/* Begin XCConfigurationList section */
		C734D5DC1AF19164000C4D86 /* Build configuration list for PBXProject "ProductSwipe" */ = {
			isa = XCConfigurationList;
			buildConfigurations = (
				C734D5FE1AF19165000C4D86 /* Debug */,
				C734D5FF1AF19165000C4D86 /* Release */,
			);
			defaultConfigurationIsVisible = 0;
			defaultConfigurationName = Release;
		};
		C734D6001AF19165000C4D86 /* Build configuration list for PBXNativeTarget "ProductSwipe" */ = {
			isa = XCConfigurationList;
			buildConfigurations = (
				C734D6011AF19165000C4D86 /* Debug */,
				C734D6021AF19165000C4D86 /* Release */,
			);
			defaultConfigurationIsVisible = 0;
			defaultConfigurationName = Release;
		};
		C734D6031AF19165000C4D86 /* Build configuration list for PBXNativeTarget "ProductSwipeTests" */ = {
			isa = XCConfigurationList;
			buildConfigurations = (
				C734D6041AF19165000C4D86 /* Debug */,
				C734D6051AF19165000C4D86 /* Release */,
			);
			defaultConfigurationIsVisible = 0;
			defaultConfigurationName = Release;
		};
/* End XCConfigurationList section */
	};
	rootObject = C734D5D91AF19164000C4D86 /* Project object */;
}
